
Microsoft Visual Studio Solution File, Format Version 12.00
# Visual Studio 15
VisualStudioVersion = 15.0.28307.1062
MinimumVisualStudioVersion = 10.0.40219.1
Project("{FAE04EC0-301F-11D3-BF4B-00C04F79EFBC}") = "ClinicManagement.Web", "ClinicManagement.Web\ClinicManagement.Web.csproj", "{285F1035-C688-414D-83A9-EFC4A9E04935}"
EndProject
Global
	GlobalSection(SolutionConfigurationPlatforms) = preSolution
		Debug|Any CPU = Debug|Any CPU
		Release|Any CPU = Release|Any CPU
	EndGlobalSection
	GlobalSection(ProjectConfigurationPlatforms) = postSolution
		{285F1035-C688-414D-83A9-EFC4A9E04935}.Debug|Any CPU.ActiveCfg = Debug|Any CPU
		{285F1035-C688-414D-83A9-EFC4A9E04935}.Debug|Any CPU.Build.0 = Debug|Any CPU
		{285F1035-C688-414D-83A9-EFC4A9E04935}.Release|Any CPU.ActiveCfg = Release|Any CPU
		{285F1035-C688-414D-83A9-EFC4A9E04935}.Release|Any CPU.Build.0 = Release|Any CPU
	EndGlobalSection
	GlobalSection(SolutionProperties) = preSolution
		HideSolutionNode = FALSE
	EndGlobalSection
	GlobalSection(ExtensibilityGlobals) = postSolution
		SolutionGuid = {9A6A6167-0028-400B-9648-3CFA6C2E5F19}
	EndGlobalSection
EndGlobal
